
Microsoft Visual Studio Solution File, Format Version 10.00
# Visual Studio 2008
Project("{FAE04EC0-301F-11D3-BF4B-00C04F79EFBC}") = "CODConsumer", "CODConsumer.csproj", "{1DA6EBD7-8D83-4E32-B2C2-C068D38399D5}"
EndProject
Global
	GlobalSection(SourceCodeControl) = preSolution
		SccNumberOfProjects = 2
		SccLocalPath0 = .
		SccProjectUniqueName1 = CODConsumer.csproj
		SccLocalPath1 = .
	EndGlobalSection
	GlobalSection(SolutionConfigurationPlatforms) = preSolution
		Debug|Any CPU = Debug|Any CPU
		Release|Any CPU = Release|Any CPU
	EndGlobalSection
	GlobalSection(ProjectConfigurationPlatforms) = postSolution
		{1DA6EBD7-8D83-4E32-B2C2-C068D38399D5}.Debug|Any CPU.ActiveCfg = Debug|Any CPU
		{1DA6EBD7-8D83-4E32-B2C2-C068D38399D5}.Debug|Any CPU.Build.0 = Debug|Any CPU
		{1DA6EBD7-8D83-4E32-B2C2-C068D38399D5}.Debug|Any CPU.Deploy.0 = Debug|Any CPU
		{1DA6EBD7-8D83-4E32-B2C2-C068D38399D5}.Release|Any CPU.ActiveCfg = Release|Any CPU
		{1DA6EBD7-8D83-4E32-B2C2-C068D38399D5}.Release|Any CPU.Build.0 = Release|Any CPU
		{1DA6EBD7-8D83-4E32-B2C2-C068D38399D5}.Release|Any CPU.Deploy.0 = Release|Any CPU
	EndGlobalSection
	GlobalSection(SolutionProperties) = preSolution
		HideSolutionNode = FALSE
	EndGlobalSection
EndGlobal
